// !$*UTF8*$!
{
	archiveVersion = 1;
	classes = {
	};
	objectVersion = 46;
	objects = {

/* Begin PBXBuildFile section */
		AB17880D1CE521380034170B /* CookProfileTableViewCell.swift in Sources */ = {isa = PBXBuildFile; fileRef = AB17880C1CE521380034170B /* CookProfileTableViewCell.swift */; };
		AB17880F1CE6083C0034170B /* KitchenProfile.swift in Sources */ = {isa = PBXBuildFile; fileRef = AB17880E1CE6083C0034170B /* KitchenProfile.swift */; };
		AB1788111CE60DAB0034170B /* RatingControl.swift in Sources */ = {isa = PBXBuildFile; fileRef = AB1788101CE60DAB0034170B /* RatingControl.swift */; };
		AB68C6F31CE519CB00B68DF6 /* AppDelegate.swift in Sources */ = {isa = PBXBuildFile; fileRef = AB68C6F21CE519CB00B68DF6 /* AppDelegate.swift */; };
		AB68C6F81CE519CB00B68DF6 /* Main.storyboard in Resources */ = {isa = PBXBuildFile; fileRef = AB68C6F61CE519CB00B68DF6 /* Main.storyboard */; };
		AB68C6FA1CE519CB00B68DF6 /* Assets.xcassets in Resources */ = {isa = PBXBuildFile; fileRef = AB68C6F91CE519CB00B68DF6 /* Assets.xcassets */; };
		AB68C6FD1CE519CB00B68DF6 /* LaunchScreen.storyboard in Resources */ = {isa = PBXBuildFile; fileRef = AB68C6FB1CE519CB00B68DF6 /* LaunchScreen.storyboard */; };
		AB68C7081CE519CB00B68DF6 /* FodderTests.swift in Sources */ = {isa = PBXBuildFile; fileRef = AB68C7071CE519CB00B68DF6 /* FodderTests.swift */; };
		AB68C7131CE51A0E00B68DF6 /* CookProfileTableViewController.swift in Sources */ = {isa = PBXBuildFile; fileRef = AB68C7121CE51A0E00B68DF6 /* CookProfileTableViewController.swift */; };
/* End PBXBuildFile section */

/* Begin PBXContainerItemProxy section */
		AB68C7041CE519CB00B68DF6 /* PBXContainerItemProxy */ = {
			isa = PBXContainerItemProxy;
			containerPortal = AB68C6E71CE519CB00B68DF6 /* Project object */;
			proxyType = 1;
			remoteGlobalIDString = AB68C6EE1CE519CB00B68DF6;
			remoteInfo = Fodder;
		};
/* End PBXContainerItemProxy section */

/* Begin PBXFileReference section */
		AB17880C1CE521380034170B /* CookProfileTableViewCell.swift */ = {isa = PBXFileReference; fileEncoding = 4; lastKnownFileType = sourcecode.swift; path = CookProfileTableViewCell.swift; sourceTree = "<group>"; };
		AB17880E1CE6083C0034170B /* KitchenProfile.swift */ = {isa = PBXFileReference; fileEncoding = 4; lastKnownFileType = sourcecode.swift; path = KitchenProfile.swift; sourceTree = "<group>"; };
		AB1788101CE60DAB0034170B /* RatingControl.swift */ = {isa = PBXFileReference; fileEncoding = 4; lastKnownFileType = sourcecode.swift; name = RatingControl.swift; path = ../../FodderTest/FodderTest/RatingControl.swift; sourceTree = "<group>"; };
		AB68C6EF1CE519CB00B68DF6 /* Fodder.app */ = {isa = PBXFileReference; explicitFileType = wrapper.application; includeInIndex = 0; path = Fodder.app; sourceTree = BUILT_PRODUCTS_DIR; };
		AB68C6F21CE519CB00B68DF6 /* AppDelegate.swift */ = {isa = PBXFileReference; lastKnownFileType = sourcecode.swift; path = AppDelegate.swift; sourceTree = "<group>"; };
		AB68C6F71CE519CB00B68DF6 /* Base */ = {isa = PBXFileReference; lastKnownFileType = file.storyboard; name = Base; path = Base.lproj/Main.storyboard; sourceTree = "<group>"; };
		AB68C6F91CE519CB00B68DF6 /* Assets.xcassets */ = {isa = PBXFileReference; lastKnownFileType = folder.assetcatalog; path = Assets.xcassets; sourceTree = "<group>"; };
		AB68C6FC1CE519CB00B68DF6 /* Base */ = {isa = PBXFileReference; lastKnownFileType = file.storyboard; name = Base; path = Base.lproj/LaunchScreen.storyboard; sourceTree = "<group>"; };
		AB68C6FE1CE519CB00B68DF6 /* Info.plist */ = {isa = PBXFileReference; lastKnownFileType = text.plist.xml; path = Info.plist; sourceTree = "<group>"; };
		AB68C7031CE519CB00B68DF6 /* FodderTests.xctest */ = {isa = PBXFileReference; explicitFileType = wrapper.cfbundle; includeInIndex = 0; path = FodderTests.xctest; sourceTree = BUILT_PRODUCTS_DIR; };
		AB68C7071CE519CB00B68DF6 /* FodderTests.swift */ = {isa = PBXFileReference; lastKnownFileType = sourcecode.swift; path = FodderTests.swift; sourceTree = "<group>"; };
		AB68C7091CE519CB00B68DF6 /* Info.plist */ = {isa = PBXFileReference; lastKnownFileType = text.plist.xml; path = Info.plist; sourceTree = "<group>"; };
		AB68C7121CE51A0E00B68DF6 /* CookProfileTableViewController.swift */ = {isa = PBXFileReference; fileEncoding = 4; lastKnownFileType = sourcecode.swift; name = CookProfileTableViewController.swift; path = ../CookProfileTableViewController.swift; sourceTree = "<group>"; };
/* End PBXFileReference section */

/* Begin PBXFrameworksBuildPhase section */
		AB68C6EC1CE519CB00B68DF6 /* Frameworks */ = {
			isa = PBXFrameworksBuildPhase;
			buildActionMask = 2147483647;
			files = (
			);
			runOnlyForDeploymentPostprocessing = 0;
		};
		AB68C7001CE519CB00B68DF6 /* Frameworks */ = {
			isa = PBXFrameworksBuildPhase;
			buildActionMask = 2147483647;
			files = (
			);
			runOnlyForDeploymentPostprocessing = 0;
		};
/* End PBXFrameworksBuildPhase section */

/* Begin PBXGroup section */
		AB68C6E61CE519CB00B68DF6 = {
			isa = PBXGroup;
			children = (
				AB68C6F11CE519CB00B68DF6 /* Fodder */,
				AB68C7061CE519CB00B68DF6 /* FodderTests */,
				AB68C6F01CE519CB00B68DF6 /* Products */,
			);
			sourceTree = "<group>";
		};
		AB68C6F01CE519CB00B68DF6 /* Products */ = {
			isa = PBXGroup;
			children = (
				AB68C6EF1CE519CB00B68DF6 /* Fodder.app */,
				AB68C7031CE519CB00B68DF6 /* FodderTests.xctest */,
			);
			name = Products;
			sourceTree = "<group>";
		};
		AB68C6F11CE519CB00B68DF6 /* Fodder */ = {
			isa = PBXGroup;
			children = (
				AB1788101CE60DAB0034170B /* RatingControl.swift */,
				AB68C6F21CE519CB00B68DF6 /* AppDelegate.swift */,
				AB68C6F61CE519CB00B68DF6 /* Main.storyboard */,
				AB17880E1CE6083C0034170B /* KitchenProfile.swift */,
				AB17880C1CE521380034170B /* CookProfileTableViewCell.swift */,
				AB68C7121CE51A0E00B68DF6 /* CookProfileTableViewController.swift */,
				AB68C6F91CE519CB00B68DF6 /* Assets.xcassets */,
				AB68C6FB1CE519CB00B68DF6 /* LaunchScreen.storyboard */,
				AB68C6FE1CE519CB00B68DF6 /* Info.plist */,
			);
			path = Fodder;
			sourceTree = "<group>";
		};
		AB68C7061CE519CB00B68DF6 /* FodderTests */ = {
			isa = PBXGroup;
			children = (
				AB68C7071CE519CB00B68DF6 /* FodderTests.swift */,
				AB68C7091CE519CB00B68DF6 /* Info.plist */,
			);
			path = FodderTests;
			sourceTree = "<group>";
		};
/* End PBXGroup section */

/* Begin PBXNativeTarget section */
		AB68C6EE1CE519CB00B68DF6 /* Fodder */ = {
			isa = PBXNativeTarget;
			buildConfigurationList = AB68C70C1CE519CB00B68DF6 /* Build configuration list for PBXNativeTarget "Fodder" */;
			buildPhases = (
				AB68C6EB1CE519CB00B68DF6 /* Sources */,
				AB68C6EC1CE519CB00B68DF6 /* Frameworks */,
				AB68C6ED1CE519CB00B68DF6 /* Resources */,
			);
			buildRules = (
			);
			dependencies = (
			);
			name = Fodder;
			productName = Fodder;
			productReference = AB68C6EF1CE519CB00B68DF6 /* Fodder.app */;
			productType = "com.apple.product-type.application";
		};
		AB68C7021CE519CB00B68DF6 /* FodderTests */ = {
			isa = PBXNativeTarget;
			buildConfigurationList = AB68C70F1CE519CB00B68DF6 /* Build configuration list for PBXNativeTarget "FodderTests" */;
			buildPhases = (
				AB68C6FF1CE519CB00B68DF6 /* Sources */,
				AB68C7001CE519CB00B68DF6 /* Frameworks */,
				AB68C7011CE519CB00B68DF6 /* Resources */,
			);
			buildRules = (
			);
			dependencies = (
				AB68C7051CE519CB00B68DF6 /* PBXTargetDependency */,
			);
			name = FodderTests;
			productName = FodderTests;
			productReference = AB68C7031CE519CB00B68DF6 /* FodderTests.xctest */;
			productType = "com.apple.product-type.bundle.unit-test";
		};
/* End PBXNativeTarget section */

/* Begin PBXProject section */
		AB68C6E71CE519CB00B68DF6 /* Project object */ = {
			isa = PBXProject;
			attributes = {
				LastSwiftUpdateCheck = 0730;
				LastUpgradeCheck = 0730;
				ORGANIZATIONNAME = Housewives;
				TargetAttributes = {
					AB68C6EE1CE519CB00B68DF6 = {
						CreatedOnToolsVersion = 7.3.1;
					};
					AB68C7021CE519CB00B68DF6 = {
						CreatedOnToolsVersion = 7.3.1;
						TestTargetID = AB68C6EE1CE519CB00B68DF6;
					};
				};
			};
			buildConfigurationList = AB68C6EA1CE519CB00B68DF6 /* Build configuration list for PBXProject "Fodder" */;
			compatibilityVersion = "Xcode 3.2";
			developmentRegion = English;
			hasScannedForEncodings = 0;
			knownRegions = (
				en,
				Base,
			);
			mainGroup = AB68C6E61CE519CB00B68DF6;
			productRefGroup = AB68C6F01CE519CB00B68DF6 /* Products */;
			projectDirPath = "";
			projectRoot = "";
			targets = (
				AB68C6EE1CE519CB00B68DF6 /* Fodder */,
				AB68C7021CE519CB00B68DF6 /* FodderTests */,
			);
		};
/* End PBXProject section */

/* Begin PBXResourcesBuildPhase section */
		AB68C6ED1CE519CB00B68DF6 /* Resources */ = {
			isa = PBXResourcesBuildPhase;
			buildActionMask = 2147483647;
			files = (
				AB68C6FD1CE519CB00B68DF6 /* LaunchScreen.storyboard in Resources */,
				AB68C6FA1CE519CB00B68DF6 /* Assets.xcassets in Resources */,
				AB68C6F81CE519CB00B68DF6 /* Main.storyboard in Resources */,
			);
			runOnlyForDeploymentPostprocessing = 0;
		};
		AB68C7011CE519CB00B68DF6 /* Resources */ = {
			isa = PBXResourcesBuildPhase;
			buildActionMask = 2147483647;
			files = (
			);
			runOnlyForDeploymentPostprocessing = 0;
		};
/* End PBXResourcesBuildPhase section */

/* Begin PBXSourcesBuildPhase section */
		AB68C6EB1CE519CB00B68DF6 /* Sources */ = {
			isa = PBXSourcesBuildPhase;
			buildActionMask = 2147483647;
			files = (
				AB17880D1CE521380034170B /* CookProfileTableViewCell.swift in Sources */,
				AB68C6F31CE519CB00B68DF6 /* AppDelegate.swift in Sources */,
				AB17880F1CE6083C0034170B /* KitchenProfile.swift in Sources */,
				AB1788111CE60DAB0034170B /* RatingControl.swift in Sources */,
				AB68C7131CE51A0E00B68DF6 /* CookProfileTableViewController.swift in Sources */,
			);
			runOnlyForDeploymentPostprocessing = 0;
		};
		AB68C6FF1CE519CB00B68DF6 /* Sources */ = {
			isa = PBXSourcesBuildPhase;
			buildActionMask = 2147483647;
			files = (
				AB68C7081CE519CB00B68DF6 /* FodderTests.swift in Sources */,
			);
			runOnlyForDeploymentPostprocessing = 0;
		};
/* End PBXSourcesBuildPhase section */

/* Begin PBXTargetDependency section */
		AB68C7051CE519CB00B68DF6 /* PBXTargetDependency */ = {
			isa = PBXTargetDependency;
			target = AB68C6EE1CE519CB00B68DF6 /* Fodder */;
			targetProxy = AB68C7041CE519CB00B68DF6 /* PBXContainerItemProxy */;
		};
/* End PBXTargetDependency section */

/* Begin PBXVariantGroup section */
		AB68C6F61CE519CB00B68DF6 /* Main.storyboard */ = {
			isa = PBXVariantGroup;
			children = (
				AB68C6F71CE519CB00B68DF6 /* Base */,
			);
			name = Main.storyboard;
			sourceTree = "<group>";
		};
		AB68C6FB1CE519CB00B68DF6 /* LaunchScreen.storyboard */ = {
			isa = PBXVariantGroup;
			children = (
				AB68C6FC1CE519CB00B68DF6 /* Base */,
			);
			name = LaunchScreen.storyboard;
			sourceTree = "<group>";
		};
/* End PBXVariantGroup section */

/* Begin XCBuildConfiguration section */
		AB68C70A1CE519CB00B68DF6 /* Debug */ = {
			isa = XCBuildConfiguration;
			buildSettings = {
				ALWAYS_SEARCH_USER_PATHS = NO;
				CLANG_ANALYZER_NONNULL = YES;
				CLANG_CXX_LANGUAGE_STANDARD = "gnu++0x";
				CLANG_CXX_LIBRARY = "libc++";
				CLANG_ENABLE_MODULES = YES;
				CLANG_ENABLE_OBJC_ARC = YES;
				CLANG_WARN_BOOL_CONVERSION = YES;
				CLANG_WARN_CONSTANT_CONVERSION = YES;
				CLANG_WARN_DIRECT_OBJC_ISA_USAGE = YES_ERROR;
				CLANG_WARN_EMPTY_BODY = YES;
				CLANG_WARN_ENUM_CONVERSION = YES;
				CLANG_WARN_INT_CONVERSION = YES;
				CLANG_WARN_OBJC_ROOT_CLASS = YES_ERROR;
				CLANG_WARN_UNREACHABLE_CODE = YES;
				CLANG_WARN__DUPLICATE_METHOD_MATCH = YES;
				"CODE_SIGN_IDENTITY[sdk=iphoneos*]" = "iPhone Developer";
				COPY_PHASE_STRIP = NO;
				DEBUG_INFORMATION_FORMAT = dwarf;
				ENABLE_STRICT_OBJC_MSGSEND = YES;
				ENABLE_TESTABILITY = YES;
				GCC_C_LANGUAGE_STANDARD = gnu99;
				GCC_DYNAMIC_NO_PIC = NO;
				GCC_NO_COMMON_BLOCKS = YES;
				GCC_OPTIMIZATION_LEVEL = 0;
				GCC_PREPROCESSOR_DEFINITIONS = (
					"DEBUG=1",
					"$(inherited)",
				);
				GCC_WARN_64_TO_32_BIT_CONVERSION = YES;
				GCC_WARN_ABOUT_RETURN_TYPE = YES_ERROR;
				GCC_WARN_UNDECLARED_SELECTOR = YES;
				GCC_WARN_UNINITIALIZED_AUTOS = YES_AGGRESSIVE;
				GCC_WARN_UNUSED_FUNCTION = YES;
				GCC_WARN_UNUSED_VARIABLE = YES;
				IPHONEOS_DEPLOYMENT_TARGET = 9.3;
				MTL_ENABLE_DEBUG_INFO = YES;
				ONLY_ACTIVE_ARCH = YES;
				SDKROOT = iphoneos;
				SWIFT_OPTIMIZATION_LEVEL = "-Onone";
				TARGETED_DEVICE_FAMILY = "1,2";
			};
			name = Debug;
		};
		AB68C70B1CE519CB00B68DF6 /* Release */ = {
			isa = XCBuildConfiguration;
			buildSettings = {
				ALWAYS_SEARCH_USER_PATHS = NO;
				CLANG_ANALYZER_NONNULL = YES;
				CLANG_CXX_LANGUAGE_STANDARD = "gnu++0x";
				CLANG_CXX_LIBRARY = "libc++";
				CLANG_ENABLE_MODULES = YES;
				CLANG_ENABLE_OBJC_ARC = YES;
				CLANG_WARN_BOOL_CONVERSION = YES;
				CLANG_WARN_CONSTANT_CONVERSION = YES;
				CLANG_WARN_DIRECT_OBJC_ISA_USAGE = YES_ERROR;
				CLANG_WARN_EMPTY_BODY = YES;
				CLANG_WARN_ENUM_CONVERSION = YES;
				CLANG_WARN_INT_CONVERSION = YES;
				CLANG_WARN_OBJC_ROOT_CLASS = YES_ERROR;
				CLANG_WARN_UNREACHABLE_CODE = YES;
				CLANG_WARN__DUPLICATE_METHOD_MATCH = YES;
				"CODE_SIGN_IDENTITY[sdk=iphoneos*]" = "iPhone Developer";
				COPY_PHASE_STRIP = NO;
				DEBUG_INFORMATION_FORMAT = "dwarf-with-dsym";
				ENABLE_NS_ASSERTIONS = NO;
				ENABLE_STRICT_OBJC_MSGSEND = YES;
				GCC_C_LANGUAGE_STANDARD = gnu99;
				GCC_NO_COMMON_BLOCKS = YES;
				GCC_WARN_64_TO_32_BIT_CONVERSION = YES;
				GCC_WARN_ABOUT_RETURN_TYPE = YES_ERROR;
				GCC_WARN_UNDECLARED_SELECTOR = YES;
				GCC_WARN_UNINITIALIZED_AUTOS = YES_AGGRESSIVE;
				GCC_WARN_UNUSED_FUNCTION = YES;
				GCC_WARN_UNUSED_VARIABLE = YES;
				IPHONEOS_DEPLOYMENT_TARGET = 9.3;
				MTL_ENABLE_DEBUG_INFO = NO;
				SDKROOT = iphoneos;
				TARGETED_DEVICE_FAMILY = "1,2";
				VALIDATE_PRODUCT = YES;
			};
			name = Release;
		};
		AB68C70D1CE519CB00B68DF6 /* Debug */ = {
			isa = XCBuildConfiguration;
			buildSettings = {
				ASSETCATALOG_COMPILER_APPICON_NAME = AppIcon;
				INFOPLIST_FILE = Fodder/Info.plist;
				LD_RUNPATH_SEARCH_PATHS = "$(inherited) @executable_path/Frameworks";
				PRODUCT_BUNDLE_IDENTIFIER = com.example.Fodder;
				PRODUCT_NAME = "$(TARGET_NAME)";
			};
			name = Debug;
		};
		AB68C70E1CE519CB00B68DF6 /* Release */ = {
			isa = XCBuildConfiguration;
			buildSettings = {
				ASSETCATALOG_COMPILER_APPICON_NAME = AppIcon;
				INFOPLIST_FILE = Fodder/Info.plist;
				LD_RUNPATH_SEARCH_PATHS = "$(inherited) @executable_path/Frameworks";
				PRODUCT_BUNDLE_IDENTIFIER = com.example.Fodder;
				PRODUCT_NAME = "$(TARGET_NAME)";
			};
			name = Release;
		};
		AB68C7101CE519CB00B68DF6 /* Debug */ = {
			isa = XCBuildConfiguration;
			buildSettings = {
				BUNDLE_LOADER = "$(TEST_HOST)";
				INFOPLIST_FILE = FodderTests/Info.plist;
				LD_RUNPATH_SEARCH_PATHS = "$(inherited) @executable_path/Frameworks @loader_path/Frameworks";
				PRODUCT_BUNDLE_IDENTIFIER = com.example.FodderTests;
				PRODUCT_NAME = "$(TARGET_NAME)";
				TEST_HOST = "$(BUILT_PRODUCTS_DIR)/Fodder.app/Fodder";
			};
			name = Debug;
		};
		AB68C7111CE519CB00B68DF6 /* Release */ = {
			isa = XCBuildConfiguration;
			buildSettings = {
				BUNDLE_LOADER = "$(TEST_HOST)";
				INFOPLIST_FILE = FodderTests/Info.plist;
				LD_RUNPATH_SEARCH_PATHS = "$(inherited) @executable_path/Frameworks @loader_path/Frameworks";
				PRODUCT_BUNDLE_IDENTIFIER = com.example.FodderTests;
				PRODUCT_NAME = "$(TARGET_NAME)";
				TEST_HOST = "$(BUILT_PRODUCTS_DIR)/Fodder.app/Fodder";
			};
			name = Release;
		};
/* End XCBuildConfiguration section */

/* Begin XCConfigurationList section */
		AB68C6EA1CE519CB00B68DF6 /* Build configuration list for PBXProject "Fodder" */ = {
			isa = XCConfigurationList;
			buildConfigurations = (
				AB68C70A1CE519CB00B68DF6 /* Debug */,
				AB68C70B1CE519CB00B68DF6 /* Release */,
			);
			defaultConfigurationIsVisible = 0;
			defaultConfigurationName = Release;
		};
		AB68C70C1CE519CB00B68DF6 /* Build configuration list for PBXNativeTarget "Fodder" */ = {
			isa = XCConfigurationList;
			buildConfigurations = (
				AB68C70D1CE519CB00B68DF6 /* Debug */,
				AB68C70E1CE519CB00B68DF6 /* Release */,
			);
			defaultConfigurationIsVisible = 0;
			defaultConfigurationName = Release;
		};
		AB68C70F1CE519CB00B68DF6 /* Build configuration list for PBXNativeTarget "FodderTests" */ = {
			isa = XCConfigurationList;
			buildConfigurations = (
				AB68C7101CE519CB00B68DF6 /* Debug */,
				AB68C7111CE519CB00B68DF6 /* Release */,
			);
			defaultConfigurationIsVisible = 0;
			defaultConfigurationName = Release;
		};
/* End XCConfigurationList section */
	};
	rootObject = AB68C6E71CE519CB00B68DF6 /* Project object */;
}
